
Microsoft Visual Studio Solution File, Format Version 12.00
# Visual Studio Version 17
VisualStudioVersion = 17.12.35514.174 d17.12
MinimumVisualStudioVersion = 10.0.40219.1
Project("{FAE04EC0-301F-11D3-BF4B-00C04F79EFBC}") = "Educational_System", "Educational_System\Educational_System.csproj", "{A5834236-27EE-4895-86A8-4541DE70C42A}"
EndProject
Project("{FAE04EC0-301F-11D3-BF4B-00C04F79EFBC}") = "EducationalSystem.BLL", "EducationalSystem.BLL\EducationalSystem.BLL.csproj", "{CC89CB57-A9DE-42EF-9FA9-FDBC355289A8}"
EndProject
Project("{FAE04EC0-301F-11D3-BF4B-00C04F79EFBC}") = "EducationalSystem.DAL", "EducationalSystem.DAL\EducationalSystem.DAL.csproj", "{D214B614-98D8-467B-A3EA-CB9E54D8233F}"
EndProject
Global
	GlobalSection(SolutionConfigurationPlatforms) = preSolution
		Debug|Any CPU = Debug|Any CPU
		Release|Any CPU = Release|Any CPU
	EndGlobalSection
	GlobalSection(ProjectConfigurationPlatforms) = postSolution
		{A5834236-27EE-4895-86A8-4541DE70C42A}.Debug|Any CPU.ActiveCfg = Debug|Any CPU
		{A5834236-27EE-4895-86A8-4541DE70C42A}.Debug|Any CPU.Build.0 = Debug|Any CPU
		{A5834236-27EE-4895-86A8-4541DE70C42A}.Release|Any CPU.ActiveCfg = Release|Any CPU
		{A5834236-27EE-4895-86A8-4541DE70C42A}.Release|Any CPU.Build.0 = Release|Any CPU
		{CC89CB57-A9DE-42EF-9FA9-FDBC355289A8}.Debug|Any CPU.ActiveCfg = Debug|Any CPU
		{CC89CB57-A9DE-42EF-9FA9-FDBC355289A8}.Debug|Any CPU.Build.0 = Debug|Any CPU
		{CC89CB57-A9DE-42EF-9FA9-FDBC355289A8}.Release|Any CPU.ActiveCfg = Release|Any CPU
		{CC89CB57-A9DE-42EF-9FA9-FDBC355289A8}.Release|Any CPU.Build.0 = Release|Any CPU
		{D214B614-98D8-467B-A3EA-CB9E54D8233F}.Debug|Any CPU.ActiveCfg = Debug|Any CPU
		{D214B614-98D8-467B-A3EA-CB9E54D8233F}.Debug|Any CPU.Build.0 = Debug|Any CPU
		{D214B614-98D8-467B-A3EA-CB9E54D8233F}.Release|Any CPU.ActiveCfg = Release|Any CPU
		{D214B614-98D8-467B-A3EA-CB9E54D8233F}.Release|Any CPU.Build.0 = Release|Any CPU
	EndGlobalSection
	GlobalSection(SolutionProperties) = preSolution
		HideSolutionNode = FALSE
	EndGlobalSection
EndGlobal
